
Microsoft Visual Studio Solution File, Format Version 12.00
# Visual Studio Version 17
VisualStudioVersion = 17.0.32112.339
MinimumVisualStudioVersion = 10.0.40219.1
Project("{FAE04EC0-301F-11D3-BF4B-00C04F79EFBC}") = "DiamanteAlfabeto.ConsoleApp", "DiamanteAlfabeto.ConsoleApp\DiamanteAlfabeto.ConsoleApp.csproj", "{B1EE29BA-4D50-46ED-8A06-85C9CEF4DFD2}"
EndProject
Global
	GlobalSection(SolutionConfigurationPlatforms) = preSolution
		Debug|Any CPU = Debug|Any CPU
		Release|Any CPU = Release|Any CPU
	EndGlobalSection
	GlobalSection(ProjectConfigurationPlatforms) = postSolution
		{B1EE29BA-4D50-46ED-8A06-85C9CEF4DFD2}.Debug|Any CPU.ActiveCfg = Debug|Any CPU
		{B1EE29BA-4D50-46ED-8A06-85C9CEF4DFD2}.Debug|Any CPU.Build.0 = Debug|Any CPU
		{B1EE29BA-4D50-46ED-8A06-85C9CEF4DFD2}.Release|Any CPU.ActiveCfg = Release|Any CPU
		{B1EE29BA-4D50-46ED-8A06-85C9CEF4DFD2}.Release|Any CPU.Build.0 = Release|Any CPU
	EndGlobalSection
	GlobalSection(SolutionProperties) = preSolution
		HideSolutionNode = FALSE
	EndGlobalSection
	GlobalSection(ExtensibilityGlobals) = postSolution
		SolutionGuid = {D2881083-2E9A-4BB5-80E5-E0062D1BB908}
	EndGlobalSection
EndGlobal
